<?xml version="1.0" encoding="utf-8"?>
<Project ToolsVersion="17.0" xmlns="http://schemas.microsoft.com/developer/msbuild/2003">
  <ItemGroup>
    <ClCompile Include="C:\Users\troia\OneDrive\Documents\diablo-x\launcher\cpp\output\wtf_diablo_launcher_temporary_LauncherInstance_0.cpp">
      <Filter>Source Files</Filter>
    </ClCompile>
    <ClCompile Include="C:\Users\troia\OneDrive\Documents\diablo-x\launcher\cpp\output\wtf_diablo_launcher_temporary_Main_1.cpp">
      <Filter>Source Files</Filter>
    </ClCompile>
    <ClCompile Include="C:\Users\troia\OneDrive\Documents\diablo-x\launcher\cpp\output\wtf_diablo_launcher_temporary_session_DiabloRankEnum_2.cpp">
      <Filter>Source Files</Filter>
    </ClCompile>
    <ClCompile Include="C:\Users\troia\OneDrive\Documents\diablo-x\launcher\cpp\output\wtf_diablo_launcher_temporary_session_DiabloSession_3.cpp">
      <Filter>Source Files</Filter>
    </ClCompile>
    <ClCompile Include="C:\Users\troia\OneDrive\Documents\diablo-x\launcher\cpp\output\wtf_diablo_launcher_temporary_util_Constants_4.cpp">
      <Filter>Source Files</Filter>
    </ClCompile>
    <ClCompile Include="C:\Users\troia\OneDrive\Documents\diablo-x\launcher\cpp\output\wtf_diablo_hwid_CryptoUtil_5.cpp">
      <Filter>Source Files</Filter>
    </ClCompile>
    <ClCompile Include="C:\Users\troia\OneDrive\Documents\diablo-x\launcher\cpp\output\wtf_diablo_hwid_HwidUtil_6.cpp">
      <Filter>Source Files</Filter>
    </ClCompile>
    <ClCompile Include="C:\Users\troia\OneDrive\Documents\diablo-x\launcher\cpp\native_jvm.cpp">
      <Filter>Source Files</Filter>
    </ClCompile>
    <ClCompile Include="C:\Users\troia\OneDrive\Documents\diablo-x\launcher\cpp\native_jvm_output.cpp">
      <Filter>Source Files</Filter>
    </ClCompile>
    <ClCompile Include="C:\Users\troia\OneDrive\Documents\diablo-x\launcher\cpp\string_pool.cpp">
      <Filter>Source Files</Filter>
    </ClCompile>
  </ItemGroup>
  <ItemGroup>
    <ClInclude Include="C:\Users\troia\OneDrive\Documents\diablo-x\launcher\cpp\output\wtf_diablo_launcher_temporary_LauncherInstance_0.hpp">
      <Filter>Header Files</Filter>
    </ClInclude>
    <ClInclude Include="C:\Users\troia\OneDrive\Documents\diablo-x\launcher\cpp\output\wtf_diablo_launcher_temporary_Main_1.hpp">
      <Filter>Header Files</Filter>
    </ClInclude>
    <ClInclude Include="C:\Users\troia\OneDrive\Documents\diablo-x\launcher\cpp\output\wtf_diablo_launcher_temporary_session_DiabloRankEnum_2.hpp">
      <Filter>Header Files</Filter>
    </ClInclude>
    <ClInclude Include="C:\Users\troia\OneDrive\Documents\diablo-x\launcher\cpp\output\wtf_diablo_launcher_temporary_session_DiabloSession_3.hpp">
      <Filter>Header Files</Filter>
    </ClInclude>
    <ClInclude Include="C:\Users\troia\OneDrive\Documents\diablo-x\launcher\cpp\output\wtf_diablo_launcher_temporary_util_Constants_4.hpp">
      <Filter>Header Files</Filter>
    </ClInclude>
    <ClInclude Include="C:\Users\troia\OneDrive\Documents\diablo-x\launcher\cpp\output\wtf_diablo_hwid_CryptoUtil_5.hpp">
      <Filter>Header Files</Filter>
    </ClInclude>
    <ClInclude Include="C:\Users\troia\OneDrive\Documents\diablo-x\launcher\cpp\output\wtf_diablo_hwid_HwidUtil_6.hpp">
      <Filter>Header Files</Filter>
    </ClInclude>
    <ClInclude Include="C:\Users\troia\OneDrive\Documents\diablo-x\launcher\cpp\native_jvm.hpp">
      <Filter>Header Files</Filter>
    </ClInclude>
    <ClInclude Include="C:\Users\troia\OneDrive\Documents\diablo-x\launcher\cpp\native_jvm_output.hpp">
      <Filter>Header Files</Filter>
    </ClInclude>
    <ClInclude Include="C:\Users\troia\OneDrive\Documents\diablo-x\launcher\cpp\string_pool.hpp">
      <Filter>Header Files</Filter>
    </ClInclude>
  </ItemGroup>
  <ItemGroup>
    <CustomBuild Include="C:\Users\troia\OneDrive\Documents\diablo-x\launcher\cpp\CMakeLists.txt" />
  </ItemGroup>
  <ItemGroup>
    <Filter Include="Header Files">
      <UniqueIdentifier>{A4A0EDD5-98FE-3586-B21C-1F6533BE54D1}</UniqueIdentifier>
    </Filter>
    <Filter Include="Source Files">
      <UniqueIdentifier>{11C2F8F1-B057-39B0-B76F-2A5AC618F7CC}</UniqueIdentifier>
    </Filter>
  </ItemGroup>
</Project>
